
Microsoft Visual Studio Solution File, Format Version 12.00
# Visual Studio Version 16
VisualStudioVersion = 16.0.31911.196
MinimumVisualStudioVersion = 10.0.40219.1
Project("{FAE04EC0-301F-11D3-BF4B-00C04F79EFBC}") = "Images", "Images\Images.csproj", "{680B53B4-7227-4E71-935B-AFCB3F396868}"
EndProject
Global
	GlobalSection(SolutionConfigurationPlatforms) = preSolution
		Debug|Any CPU = Debug|Any CPU
		Release|Any CPU = Release|Any CPU
	EndGlobalSection
	GlobalSection(ProjectConfigurationPlatforms) = postSolution
		{680B53B4-7227-4E71-935B-AFCB3F396868}.Debug|Any CPU.ActiveCfg = Debug|Any CPU
		{680B53B4-7227-4E71-935B-AFCB3F396868}.Debug|Any CPU.Build.0 = Debug|Any CPU
		{680B53B4-7227-4E71-935B-AFCB3F396868}.Release|Any CPU.ActiveCfg = Release|Any CPU
		{680B53B4-7227-4E71-935B-AFCB3F396868}.Release|Any CPU.Build.0 = Release|Any CPU
	EndGlobalSection
	GlobalSection(SolutionProperties) = preSolution
		HideSolutionNode = FALSE
	EndGlobalSection
	GlobalSection(ExtensibilityGlobals) = postSolution
		SolutionGuid = {2B431E5D-18AE-4C30-8332-458CD5D646E3}
	EndGlobalSection
EndGlobal
